
Microsoft Visual Studio Solution File, Format Version 12.00
# Visual Studio Version 17
VisualStudioVersion = 17.8.34511.84
MinimumVisualStudioVersion = 10.0.40219.1
Project("{9A19103F-16F7-4668-BE54-9A1E7A4F7556}") = "WebMoHinh", "WebBanHangSQL\WebMoHinh.csproj", "{5751C00B-AE94-4CFA-A04B-C142BC35E46D}"
EndProject
Global
	GlobalSection(SolutionConfigurationPlatforms) = preSolution
		Debug|Any CPU = Debug|Any CPU
		Release|Any CPU = Release|Any CPU
	EndGlobalSection
	GlobalSection(ProjectConfigurationPlatforms) = postSolution
		{5751C00B-AE94-4CFA-A04B-C142BC35E46D}.Debug|Any CPU.ActiveCfg = Debug|Any CPU
		{5751C00B-AE94-4CFA-A04B-C142BC35E46D}.Debug|Any CPU.Build.0 = Debug|Any CPU
		{5751C00B-AE94-4CFA-A04B-C142BC35E46D}.Release|Any CPU.ActiveCfg = Release|Any CPU
		{5751C00B-AE94-4CFA-A04B-C142BC35E46D}.Release|Any CPU.Build.0 = Release|Any CPU
	EndGlobalSection
	GlobalSection(SolutionProperties) = preSolution
		HideSolutionNode = FALSE
	EndGlobalSection
	GlobalSection(ExtensibilityGlobals) = postSolution
		SolutionGuid = {CE26D8DD-22D8-41B8-BFCD-3C9E709CF09C}
	EndGlobalSection
EndGlobal
